
Microsoft Visual Studio Solution File, Format Version 12.00
# Visual Studio Version 17
VisualStudioVersion = 17.11.35312.102
MinimumVisualStudioVersion = 10.0.40219.1
Project("{FAE04EC0-301F-11D3-BF4B-00C04F79EFBC}") = "Q3", "Q3\Q3.csproj", "{73520908-6ECA-4188-99C5-24F520D0644D}"
EndProject
Global
	GlobalSection(SolutionConfigurationPlatforms) = preSolution
		Debug|Any CPU = Debug|Any CPU
		Release|Any CPU = Release|Any CPU
	EndGlobalSection
	GlobalSection(ProjectConfigurationPlatforms) = postSolution
		{73520908-6ECA-4188-99C5-24F520D0644D}.Debug|Any CPU.ActiveCfg = Debug|Any CPU
		{73520908-6ECA-4188-99C5-24F520D0644D}.Debug|Any CPU.Build.0 = Debug|Any CPU
		{73520908-6ECA-4188-99C5-24F520D0644D}.Release|Any CPU.ActiveCfg = Release|Any CPU
		{73520908-6ECA-4188-99C5-24F520D0644D}.Release|Any CPU.Build.0 = Release|Any CPU
	EndGlobalSection
	GlobalSection(SolutionProperties) = preSolution
		HideSolutionNode = FALSE
	EndGlobalSection
	GlobalSection(ExtensibilityGlobals) = postSolution
		SolutionGuid = {4CCE36FE-4F49-445C-8A3B-6E48E39EBEFE}
	EndGlobalSection
EndGlobal
