
Microsoft Visual Studio Solution File, Format Version 12.00
# Visual Studio Version 17
VisualStudioVersion = 17.11.35312.102
MinimumVisualStudioVersion = 10.0.40219.1
Project("{FAE04EC0-301F-11D3-BF4B-00C04F79EFBC}") = "Q6", "Q6\Q6.csproj", "{8CF6E9DE-D52E-4B23-8BD5-DDAB8EB8CCE8}"
EndProject
Global
	GlobalSection(SolutionConfigurationPlatforms) = preSolution
		Debug|Any CPU = Debug|Any CPU
		Release|Any CPU = Release|Any CPU
	EndGlobalSection
	GlobalSection(ProjectConfigurationPlatforms) = postSolution
		{8CF6E9DE-D52E-4B23-8BD5-DDAB8EB8CCE8}.Debug|Any CPU.ActiveCfg = Debug|Any CPU
		{8CF6E9DE-D52E-4B23-8BD5-DDAB8EB8CCE8}.Debug|Any CPU.Build.0 = Debug|Any CPU
		{8CF6E9DE-D52E-4B23-8BD5-DDAB8EB8CCE8}.Release|Any CPU.ActiveCfg = Release|Any CPU
		{8CF6E9DE-D52E-4B23-8BD5-DDAB8EB8CCE8}.Release|Any CPU.Build.0 = Release|Any CPU
	EndGlobalSection
	GlobalSection(SolutionProperties) = preSolution
		HideSolutionNode = FALSE
	EndGlobalSection
	GlobalSection(ExtensibilityGlobals) = postSolution
		SolutionGuid = {2D123127-E0DA-40E2-BAE5-2F6EFA5855C3}
	EndGlobalSection
EndGlobal
